
Microsoft Visual Studio Solution File, Format Version 12.00
# Visual Studio Version 17
VisualStudioVersion = 17.8.34316.72
MinimumVisualStudioVersion = 10.0.40219.1
Project("{FAE04EC0-301F-11D3-BF4B-00C04F79EFBC}") = "Elevators", "Elevators\Elevators.csproj", "{A1B811C9-88F4-4271-A007-1AA2B4984DCE}"
EndProject
Project("{FAE04EC0-301F-11D3-BF4B-00C04F79EFBC}") = "Elevators.Client", "Elevators.Client\Elevators.Client.csproj", "{644EE3D8-45EB-4ED2-A43E-FB834BBC6EE1}"
EndProject
Project("{FAE04EC0-301F-11D3-BF4B-00C04F79EFBC}") = "Elevators.Bot", "Elevators.Bot\Elevators.Bot.csproj", "{3072173F-1BA9-4E31-A467-41AD8A66F3BE}"
EndProject
Global
	GlobalSection(SolutionConfigurationPlatforms) = preSolution
		Debug|Any CPU = Debug|Any CPU
		Release|Any CPU = Release|Any CPU
	EndGlobalSection
	GlobalSection(ProjectConfigurationPlatforms) = postSolution
		{A1B811C9-88F4-4271-A007-1AA2B4984DCE}.Debug|Any CPU.ActiveCfg = Debug|Any CPU
		{A1B811C9-88F4-4271-A007-1AA2B4984DCE}.Debug|Any CPU.Build.0 = Debug|Any CPU
		{A1B811C9-88F4-4271-A007-1AA2B4984DCE}.Release|Any CPU.ActiveCfg = Release|Any CPU
		{A1B811C9-88F4-4271-A007-1AA2B4984DCE}.Release|Any CPU.Build.0 = Release|Any CPU
		{644EE3D8-45EB-4ED2-A43E-FB834BBC6EE1}.Debug|Any CPU.ActiveCfg = Debug|Any CPU
		{644EE3D8-45EB-4ED2-A43E-FB834BBC6EE1}.Debug|Any CPU.Build.0 = Debug|Any CPU
		{644EE3D8-45EB-4ED2-A43E-FB834BBC6EE1}.Release|Any CPU.ActiveCfg = Release|Any CPU
		{644EE3D8-45EB-4ED2-A43E-FB834BBC6EE1}.Release|Any CPU.Build.0 = Release|Any CPU
		{3072173F-1BA9-4E31-A467-41AD8A66F3BE}.Debug|Any CPU.ActiveCfg = Debug|Any CPU
		{3072173F-1BA9-4E31-A467-41AD8A66F3BE}.Debug|Any CPU.Build.0 = Debug|Any CPU
		{3072173F-1BA9-4E31-A467-41AD8A66F3BE}.Release|Any CPU.ActiveCfg = Release|Any CPU
		{3072173F-1BA9-4E31-A467-41AD8A66F3BE}.Release|Any CPU.Build.0 = Release|Any CPU
	EndGlobalSection
	GlobalSection(SolutionProperties) = preSolution
		HideSolutionNode = FALSE
	EndGlobalSection
	GlobalSection(ExtensibilityGlobals) = postSolution
		SolutionGuid = {6D022A43-B080-4D6F-A43A-CAF2C78F453D}
	EndGlobalSection
EndGlobal
